Microsoft Visual Studio Solution File, Format Version 12.00
# Visual Studio 15
VisualStudioVersion = 15.0.27703.2026
MinimumVisualStudioVersion = 10.0.40219.1
Project("{2150E333-8FDC-42A3-9474-1A3956D46DE8}") = "General Projects", "General Projects", "{6BA2AD08-DB9F-4997-B778-E8028A294B84}"
EndProject
Project("{2150E333-8FDC-42A3-9474-1A3956D46DE8}") = "Specific Projects", "Specific Projects", "{F98C20A0-47FC-4ABA-9108-813C47BE01C8}"
EndProject
Project("{FAE04EC0-301F-11D3-BF4B-00C04F79EFBC}") = "Arkia.Events.UI.icpas2024", "Arkia.Events.UI\Arkia.Events.UI.icpas2024.csproj", "{17526979-E6CD-420C-BBB8-5EC385C56D53}"
EndProject
Project("{FAE04EC0-301F-11D3-BF4B-00C04F79EFBC}") = "Arkia.Events.BusinessControllers", "..\..\arkia-events-core\Arkia.Events.BusinessControllers\Arkia.Events.BusinessControllers.csproj", "{28692A45-88A9-4523-9351-E547222B40E0}"
EndProject
Project("{FAE04EC0-301F-11D3-BF4B-00C04F79EFBC}") = "Arkia.Events.BusinessEntities", "..\..\arkia-events-core\Arkia.Events.BusinessEntities\Arkia.Events.BusinessEntities.csproj", "{C34DE2C0-956A-4A56-BC69-A1D77CEBA765}"
EndProject
Project("{FAE04EC0-301F-11D3-BF4B-00C04F79EFBC}") = "Arkia.Events.Common.Extensions", "..\..\arkia-events-core\Arkia.Events.Common.Extensions\Arkia.Events.Common.Extensions.csproj", "{5C1327D9-2323-4B31-814E-D63ED62E55A6}"
EndProject
Project("{FAE04EC0-301F-11D3-BF4B-00C04F79EFBC}") = "Arkia.Events.Controllers", "..\..\arkia-events-core\Arkia.Events.Controllers\Arkia.Events.Controllers.csproj", "{6953756C-743A-45D9-99FF-AB58DB31581F}"
EndProject
Project("{FAE04EC0-301F-11D3-BF4B-00C04F79EFBC}") = "Arkia.Events.Entities", "..\..\arkia-events-core\Arkia.Events.Entities\Arkia.Events.Entities.csproj", "{85CA1143-6970-4C65-B7A9-26DA79BD83CB}"
EndProject
Project("{FAE04EC0-301F-11D3-BF4B-00C04F79EFBC}") = "Arkia.Events.Infrastructure.Core", "..\..\arkia-events-core\Arkia.Events.Infrastructure.Core\Arkia.Events.Infrastructure.Core.csproj", "{A43013BE-E9C4-4653-AC41-D6285633F778}"
EndProject
Project("{FAE04EC0-301F-11D3-BF4B-00C04F79EFBC}") = "Arkia.Events.OracleDataAccess", "..\..\arkia-events-core\Arkia.Events.OracleDataAccess\Arkia.Events.OracleDataAccess.csproj", "{7786BF5D-E614-4132-B3C5-009064E59112}"
EndProject
Project("{FAE04EC0-301F-11D3-BF4B-00C04F79EFBC}") = "Arkia.Events.SqlDataAccess", "..\..\arkia-events-core\Arkia.Events.SqlDataAccess\Arkia.Events.SqlDataAccess.csproj", "{015A60C1-DED9-4DDB-9270-28706A2CA76D}"
EndProject
Project("{FAE04EC0-301F-11D3-BF4B-00C04F79EFBC}") = "Arkia.Events.UserDefinedTypes", "..\..\arkia-events-core\Arkia.Events.UserDataTypes\Arkia.Events.UserDefinedTypes.csproj", "{CF1F9302-5EAD-46B1-9A30-284C1825C7B0}"
EndProject
Global
	GlobalSection(SolutionConfigurationPlatforms) = preSolution
		Debug|Any CPU = Debug|Any CPU
		Debug|x64 = Debug|x64
		Debug|x86 = Debug|x86
		Release|Any CPU = Release|Any CPU
		Release|x64 = Release|x64
		Release|x86 = Release|x86
		test-42-default|Any CPU = test-42-default|Any CPU
		test-42-default|x64 = test-42-default|x64
		test-42-default|x86 = test-42-default|x86
		test-43|Any CPU = test-43|Any CPU
		test-43|x64 = test-43|x64
		test-43|x86 = test-43|x86
		test-44|Any CPU = test-44|Any CPU
		test-44|x64 = test-44|x64
		test-44|x86 = test-44|x86
	EndGlobalSection
	GlobalSection(ProjectConfigurationPlatforms) = postSolution
		{17526979-E6CD-420C-BBB8-5EC385C56D53}.Debug|Any CPU.ActiveCfg = Debug|Any CPU
		{17526979-E6CD-420C-BBB8-5EC385C56D53}.Debug|Any CPU.Build.0 = Debug|Any CPU
		{17526979-E6CD-420C-BBB8-5EC385C56D53}.Debug|x64.ActiveCfg = Debug|x64
		{17526979-E6CD-420C-BBB8-5EC385C56D53}.Debug|x64.Build.0 = Debug|x64
		{17526979-E6CD-420C-BBB8-5EC385C56D53}.Debug|x86.ActiveCfg = Debug|x86
		{17526979-E6CD-420C-BBB8-5EC385C56D53}.Debug|x86.Build.0 = Debug|x86
		{17526979-E6CD-420C-BBB8-5EC385C56D53}.Release|Any CPU.ActiveCfg = Release|Any CPU
		{17526979-E6CD-420C-BBB8-5EC385C56D53}.Release|Any CPU.Build.0 = Release|Any CPU
		{17526979-E6CD-420C-BBB8-5EC385C56D53}.Release|x64.ActiveCfg = Release|x64
		{17526979-E6CD-420C-BBB8-5EC385C56D53}.Release|x64.Build.0 = Release|x64
		{17526979-E6CD-420C-BBB8-5EC385C56D53}.Release|x86.ActiveCfg = Release|x86
		{17526979-E6CD-420C-BBB8-5EC385C56D53}.Release|x86.Build.0 = Release|x86
		{17526979-E6CD-420C-BBB8-5EC385C56D53}.test-42-default|Any CPU.ActiveCfg = Release|Any CPU
		{17526979-E6CD-420C-BBB8-5EC385C56D53}.test-42-default|Any CPU.Build.0 = Release|Any CPU
		{17526979-E6CD-420C-BBB8-5EC385C56D53}.test-42-default|x64.ActiveCfg = Release|x64
		{17526979-E6CD-420C-BBB8-5EC385C56D53}.test-42-default|x64.Build.0 = Release|x64
		{17526979-E6CD-420C-BBB8-5EC385C56D53}.test-42-default|x86.ActiveCfg = Release|x86
		{17526979-E6CD-420C-BBB8-5EC385C56D53}.test-42-default|x86.Build.0 = Release|x86
		{17526979-E6CD-420C-BBB8-5EC385C56D53}.test-43|Any CPU.ActiveCfg = Release|Any CPU
		{17526979-E6CD-420C-BBB8-5EC385C56D53}.test-43|Any CPU.Build.0 = Release|Any CPU
		{17526979-E6CD-420C-BBB8-5EC385C56D53}.test-43|x64.ActiveCfg = Release|x64
		{17526979-E6CD-420C-BBB8-5EC385C56D53}.test-43|x64.Build.0 = Release|x64
		{17526979-E6CD-420C-BBB8-5EC385C56D53}.test-43|x86.ActiveCfg = Release|x86
		{17526979-E6CD-420C-BBB8-5EC385C56D53}.test-43|x86.Build.0 = Release|x86
		{17526979-E6CD-420C-BBB8-5EC385C56D53}.test-44|Any CPU.ActiveCfg = Release|Any CPU
		{17526979-E6CD-420C-BBB8-5EC385C56D53}.test-44|Any CPU.Build.0 = Release|Any CPU
		{17526979-E6CD-420C-BBB8-5EC385C56D53}.test-44|x64.ActiveCfg = Release|x64
		{17526979-E6CD-420C-BBB8-5EC385C56D53}.test-44|x64.Build.0 = Release|x64
		{17526979-E6CD-420C-BBB8-5EC385C56D53}.test-44|x86.ActiveCfg = Release|x86
		{17526979-E6CD-420C-BBB8-5EC385C56D53}.test-44|x86.Build.0 = Release|x86
		{28692A45-88A9-4523-9351-E547222B40E0}.Debug|Any CPU.ActiveCfg = Debug|Any CPU
		{28692A45-88A9-4523-9351-E547222B40E0}.Debug|Any CPU.Build.0 = Debug|Any CPU
		{28692A45-88A9-4523-9351-E547222B40E0}.Debug|x64.ActiveCfg = Debug|x64
		{28692A45-88A9-4523-9351-E547222B40E0}.Debug|x64.Build.0 = Debug|x64
		{28692A45-88A9-4523-9351-E547222B40E0}.Debug|x86.ActiveCfg = Debug|x86
		{28692A45-88A9-4523-9351-E547222B40E0}.Debug|x86.Build.0 = Debug|x86
		{28692A45-88A9-4523-9351-E547222B40E0}.Release|Any CPU.ActiveCfg = Release|Any CPU
		{28692A45-88A9-4523-9351-E547222B40E0}.Release|Any CPU.Build.0 = Release|Any CPU
		{28692A45-88A9-4523-9351-E547222B40E0}.Release|x64.ActiveCfg = Release|x64
		{28692A45-88A9-4523-9351-E547222B40E0}.Release|x64.Build.0 = Release|x64
		{28692A45-88A9-4523-9351-E547222B40E0}.Release|x86.ActiveCfg = Release|x86
		{28692A45-88A9-4523-9351-E547222B40E0}.Release|x86.Build.0 = Release|x86
		{28692A45-88A9-4523-9351-E547222B40E0}.test-42-default|Any CPU.ActiveCfg = test-42-default|Any CPU
		{28692A45-88A9-4523-9351-E547222B40E0}.test-42-default|Any CPU.Build.0 = test-42-default|Any CPU
		{28692A45-88A9-4523-9351-E547222B40E0}.test-42-default|x64.ActiveCfg = test-42-default|x64
		{28692A45-88A9-4523-9351-E547222B40E0}.test-42-default|x64.Build.0 = test-42-default|x64
		{28692A45-88A9-4523-9351-E547222B40E0}.test-42-default|x86.ActiveCfg = test-42-default|x86
		{28692A45-88A9-4523-9351-E547222B40E0}.test-42-default|x86.Build.0 = test-42-default|x86
		{28692A45-88A9-4523-9351-E547222B40E0}.test-43|Any CPU.ActiveCfg = test-43|Any CPU
		{28692A45-88A9-4523-9351-E547222B40E0}.test-43|Any CPU.Build.0 = test-43|Any CPU
		{28692A45-88A9-4523-9351-E547222B40E0}.test-43|x64.ActiveCfg = test-43|x64
		{28692A45-88A9-4523-9351-E547222B40E0}.test-43|x64.Build.0 = test-43|x64
		{28692A45-88A9-4523-9351-E547222B40E0}.test-43|x86.ActiveCfg = test-43|x86
		{28692A45-88A9-4523-9351-E547222B40E0}.test-43|x86.Build.0 = test-43|x86
		{28692A45-88A9-4523-9351-E547222B40E0}.test-44|Any CPU.ActiveCfg = test-44|Any CPU
		{28692A45-88A9-4523-9351-E547222B40E0}.test-44|Any CPU.Build.0 = test-44|Any CPU
		{28692A45-88A9-4523-9351-E547222B40E0}.test-44|x64.ActiveCfg = test-44|x64
		{28692A45-88A9-4523-9351-E547222B40E0}.test-44|x64.Build.0 = test-44|x64
		{28692A45-88A9-4523-9351-E547222B40E0}.test-44|x86.ActiveCfg = test-44|x86
		{28692A45-88A9-4523-9351-E547222B40E0}.test-44|x86.Build.0 = test-44|x86
		{C34DE2C0-956A-4A56-BC69-A1D77CEBA765}.Debug|Any CPU.ActiveCfg = Debug|Any CPU
		{C34DE2C0-956A-4A56-BC69-A1D77CEBA765}.Debug|Any CPU.Build.0 = Debug|Any CPU
		{C34DE2C0-956A-4A56-BC69-A1D77CEBA765}.Debug|x64.ActiveCfg = Debug|x64
		{C34DE2C0-956A-4A56-BC69-A1D77CEBA765}.Debug|x64.Build.0 = Debug|x64
		{C34DE2C0-956A-4A56-BC69-A1D77CEBA765}.Debug|x86.ActiveCfg = Debug|x86
		{C34DE2C0-956A-4A56-BC69-A1D77CEBA765}.Debug|x86.Build.0 = Debug|x86
		{C34DE2C0-956A-4A56-BC69-A1D77CEBA765}.Release|Any CPU.ActiveCfg = Release|Any CPU
		{C34DE2C0-956A-4A56-BC69-A1D77CEBA765}.Release|Any CPU.Build.0 = Release|Any CPU
		{C34DE2C0-956A-4A56-BC69-A1D77CEBA765}.Release|x64.ActiveCfg = Release|x64
		{C34DE2C0-956A-4A56-BC69-A1D77CEBA765}.Release|x64.Build.0 = Release|x64
		{C34DE2C0-956A-4A56-BC69-A1D77CEBA765}.Release|x86.ActiveCfg = Release|x86
		{C34DE2C0-956A-4A56-BC69-A1D77CEBA765}.Release|x86.Build.0 = Release|x86
		{C34DE2C0-956A-4A56-BC69-A1D77CEBA765}.test-42-default|Any CPU.ActiveCfg = test-42-default|Any CPU
		{C34DE2C0-956A-4A56-BC69-A1D77CEBA765}.test-42-default|Any CPU.Build.0 = test-42-default|Any CPU
		{C34DE2C0-956A-4A56-BC69-A1D77CEBA765}.test-42-default|x64.ActiveCfg = test-42-default|x64
		{C34DE2C0-956A-4A56-BC69-A1D77CEBA765}.test-42-default|x64.Build.0 = test-42-default|x64
		{C34DE2C0-956A-4A56-BC69-A1D77CEBA765}.test-42-default|x86.ActiveCfg = test-42-default|x86
		{C34DE2C0-956A-4A56-BC69-A1D77CEBA765}.test-42-default|x86.Build.0 = test-42-default|x86
		{C34DE2C0-956A-4A56-BC69-A1D77CEBA765}.test-43|Any CPU.ActiveCfg = test-43|Any CPU
		{C34DE2C0-956A-4A56-BC69-A1D77CEBA765}.test-43|Any CPU.Build.0 = test-43|Any CPU
		{C34DE2C0-956A-4A56-BC69-A1D77CEBA765}.test-43|x64.ActiveCfg = test-43|x64
		{C34DE2C0-956A-4A56-BC69-A1D77CEBA765}.test-43|x64.Build.0 = test-43|x64
		{C34DE2C0-956A-4A56-BC69-A1D77CEBA765}.test-43|x86.ActiveCfg = test-43|x86
		{C34DE2C0-956A-4A56-BC69-A1D77CEBA765}.test-43|x86.Build.0 = test-43|x86
		{C34DE2C0-956A-4A56-BC69-A1D77CEBA765}.test-44|Any CPU.ActiveCfg = test-44|Any CPU
		{C34DE2C0-956A-4A56-BC69-A1D77CEBA765}.test-44|Any CPU.Build.0 = test-44|Any CPU
		{C34DE2C0-956A-4A56-BC69-A1D77CEBA765}.test-44|x64.ActiveCfg = test-44|x64
		{C34DE2C0-956A-4A56-BC69-A1D77CEBA765}.test-44|x64.Build.0 = test-44|x64
		{C34DE2C0-956A-4A56-BC69-A1D77CEBA765}.test-44|x86.ActiveCfg = test-44|x86
		{C34DE2C0-956A-4A56-BC69-A1D77CEBA765}.test-44|x86.Build.0 = test-44|x86
		{5C1327D9-2323-4B31-814E-D63ED62E55A6}.Debug|Any CPU.ActiveCfg = Debug|Any CPU
		{5C1327D9-2323-4B31-814E-D63ED62E55A6}.Debug|Any CPU.Build.0 = Debug|Any CPU
		{5C1327D9-2323-4B31-814E-D63ED62E55A6}.Debug|x64.ActiveCfg = Debug|x64
		{5C1327D9-2323-4B31-814E-D63ED62E55A6}.Debug|x64.Build.0 = Debug|x64
		{5C1327D9-2323-4B31-814E-D63ED62E55A6}.Debug|x86.ActiveCfg = Debug|x86
		{5C1327D9-2323-4B31-814E-D63ED62E55A6}.Debug|x86.Build.0 = Debug|x86
		{5C1327D9-2323-4B31-814E-D63ED62E55A6}.Release|Any CPU.ActiveCfg = Release|Any CPU
		{5C1327D9-2323-4B31-814E-D63ED62E55A6}.Release|Any CPU.Build.0 = Release|Any CPU
		{5C1327D9-2323-4B31-814E-D63ED62E55A6}.Release|x64.ActiveCfg = Release|x64
		{5C1327D9-2323-4B31-814E-D63ED62E55A6}.Release|x64.Build.0 = Release|x64
		{5C1327D9-2323-4B31-814E-D63ED62E55A6}.Release|x86.ActiveCfg = Release|x86
		{5C1327D9-2323-4B31-814E-D63ED62E55A6}.Release|x86.Build.0 = Release|x86
		{5C1327D9-2323-4B31-814E-D63ED62E55A6}.test-42-default|Any CPU.ActiveCfg = test-42-default|Any CPU
		{5C1327D9-2323-4B31-814E-D63ED62E55A6}.test-42-default|Any CPU.Build.0 = test-42-default|Any CPU
		{5C1327D9-2323-4B31-814E-D63ED62E55A6}.test-42-default|x64.ActiveCfg = test-42-default|x64
		{5C1327D9-2323-4B31-814E-D63ED62E55A6}.test-42-default|x64.Build.0 = test-42-default|x64
		{5C1327D9-2323-4B31-814E-D63ED62E55A6}.test-42-default|x86.ActiveCfg = test-42-default|x86
		{5C1327D9-2323-4B31-814E-D63ED62E55A6}.test-42-default|x86.Build.0 = test-42-default|x86
		{5C1327D9-2323-4B31-814E-D63ED62E55A6}.test-43|Any CPU.ActiveCfg = test-43|Any CPU
		{5C1327D9-2323-4B31-814E-D63ED62E55A6}.test-43|Any CPU.Build.0 = test-43|Any CPU
		{5C1327D9-2323-4B31-814E-D63ED62E55A6}.test-43|x64.ActiveCfg = test-43|x64
		{5C1327D9-2323-4B31-814E-D63ED62E55A6}.test-43|x64.Build.0 = test-43|x64
		{5C1327D9-2323-4B31-814E-D63ED62E55A6}.test-43|x86.ActiveCfg = test-43|x86
		{5C1327D9-2323-4B31-814E-D63ED62E55A6}.test-43|x86.Build.0 = test-43|x86
		{5C1327D9-2323-4B31-814E-D63ED62E55A6}.test-44|Any CPU.ActiveCfg = test-44|Any CPU
		{5C1327D9-2323-4B31-814E-D63ED62E55A6}.test-44|Any CPU.Build.0 = test-44|Any CPU
		{5C1327D9-2323-4B31-814E-D63ED62E55A6}.test-44|x64.ActiveCfg = test-44|x64
		{5C1327D9-2323-4B31-814E-D63ED62E55A6}.test-44|x64.Build.0 = test-44|x64
		{5C1327D9-2323-4B31-814E-D63ED62E55A6}.test-44|x86.ActiveCfg = test-44|x86
		{5C1327D9-2323-4B31-814E-D63ED62E55A6}.test-44|x86.Build.0 = test-44|x86
		{6953756C-743A-45D9-99FF-AB58DB31581F}.Debug|Any CPU.ActiveCfg = Debug|Any CPU
		{6953756C-743A-45D9-99FF-AB58DB31581F}.Debug|Any CPU.Build.0 = Debug|Any CPU
		{6953756C-743A-45D9-99FF-AB58DB31581F}.Debug|x64.ActiveCfg = Debug|x64
		{6953756C-743A-45D9-99FF-AB58DB31581F}.Debug|x64.Build.0 = Debug|x64
		{6953756C-743A-45D9-99FF-AB58DB31581F}.Debug|x86.ActiveCfg = Debug|x86
		{6953756C-743A-45D9-99FF-AB58DB31581F}.Debug|x86.Build.0 = Debug|x86
		{6953756C-743A-45D9-99FF-AB58DB31581F}.Release|Any CPU.ActiveCfg = Release|Any CPU
		{6953756C-743A-45D9-99FF-AB58DB31581F}.Release|Any CPU.Build.0 = Release|Any CPU
		{6953756C-743A-45D9-99FF-AB58DB31581F}.Release|x64.ActiveCfg = Release|x64
		{6953756C-743A-45D9-99FF-AB58DB31581F}.Release|x64.Build.0 = Release|x64
		{6953756C-743A-45D9-99FF-AB58DB31581F}.Release|x86.ActiveCfg = Release|x86
		{6953756C-743A-45D9-99FF-AB58DB31581F}.Release|x86.Build.0 = Release|x86
		{6953756C-743A-45D9-99FF-AB58DB31581F}.test-42-default|Any CPU.ActiveCfg = Release|Any CPU
		{6953756C-743A-45D9-99FF-AB58DB31581F}.test-42-default|Any CPU.Build.0 = Release|Any CPU
		{6953756C-743A-45D9-99FF-AB58DB31581F}.test-42-default|x64.ActiveCfg = Release|x64
		{6953756C-743A-45D9-99FF-AB58DB31581F}.test-42-default|x64.Build.0 = Release|x64
		{6953756C-743A-45D9-99FF-AB58DB31581F}.test-42-default|x86.ActiveCfg = Release|x86
		{6953756C-743A-45D9-99FF-AB58DB31581F}.test-42-default|x86.Build.0 = Release|x86
		{6953756C-743A-45D9-99FF-AB58DB31581F}.test-43|Any CPU.ActiveCfg = Release|Any CPU
		{6953756C-743A-45D9-99FF-AB58DB31581F}.test-43|Any CPU.Build.0 = Release|Any CPU
		{6953756C-743A-45D9-99FF-AB58DB31581F}.test-43|x64.ActiveCfg = Release|x64
		{6953756C-743A-45D9-99FF-AB58DB31581F}.test-43|x64.Build.0 = Release|x64
		{6953756C-743A-45D9-99FF-AB58DB31581F}.test-43|x86.ActiveCfg = Release|x86
		{6953756C-743A-45D9-99FF-AB58DB31581F}.test-43|x86.Build.0 = Release|x86
		{6953756C-743A-45D9-99FF-AB58DB31581F}.test-44|Any CPU.ActiveCfg = Release|Any CPU
		{6953756C-743A-45D9-99FF-AB58DB31581F}.test-44|Any CPU.Build.0 = Release|Any CPU
		{6953756C-743A-45D9-99FF-AB58DB31581F}.test-44|x64.ActiveCfg = Release|x64
		{6953756C-743A-45D9-99FF-AB58DB31581F}.test-44|x64.Build.0 = Release|x64
		{6953756C-743A-45D9-99FF-AB58DB31581F}.test-44|x86.ActiveCfg = Release|x86
		{6953756C-743A-45D9-99FF-AB58DB31581F}.test-44|x86.Build.0 = Release|x86
		{85CA1143-6970-4C65-B7A9-26DA79BD83CB}.Debug|Any CPU.ActiveCfg = Debug|Any CPU
		{85CA1143-6970-4C65-B7A9-26DA79BD83CB}.Debug|Any CPU.Build.0 = Debug|Any CPU
		{85CA1143-6970-4C65-B7A9-26DA79BD83CB}.Debug|x64.ActiveCfg = Debug|x64
		{85CA1143-6970-4C65-B7A9-26DA79BD83CB}.Debug|x64.Build.0 = Debug|x64
		{85CA1143-6970-4C65-B7A9-26DA79BD83CB}.Debug|x86.ActiveCfg = Debug|x86
		{85CA1143-6970-4C65-B7A9-26DA79BD83CB}.Debug|x86.Build.0 = Debug|x86
		{85CA1143-6970-4C65-B7A9-26DA79BD83CB}.Release|Any CPU.ActiveCfg = Release|Any CPU
		{85CA1143-6970-4C65-B7A9-26DA79BD83CB}.Release|Any CPU.Build.0 = Release|Any CPU
		{85CA1143-6970-4C65-B7A9-26DA79BD83CB}.Release|x64.ActiveCfg = Release|x64
		{85CA1143-6970-4C65-B7A9-26DA79BD83CB}.Release|x64.Build.0 = Release|x64
		{85CA1143-6970-4C65-B7A9-26DA79BD83CB}.Release|x86.ActiveCfg = Release|x86
		{85CA1143-6970-4C65-B7A9-26DA79BD83CB}.Release|x86.Build.0 = Release|x86
		{85CA1143-6970-4C65-B7A9-26DA79BD83CB}.test-42-default|Any CPU.ActiveCfg = Release|Any CPU
		{85CA1143-6970-4C65-B7A9-26DA79BD83CB}.test-42-default|Any CPU.Build.0 = Release|Any CPU
		{85CA1143-6970-4C65-B7A9-26DA79BD83CB}.test-42-default|x64.ActiveCfg = Release|x64
		{85CA1143-6970-4C65-B7A9-26DA79BD83CB}.test-42-default|x64.Build.0 = Release|x64
		{85CA1143-6970-4C65-B7A9-26DA79BD83CB}.test-42-default|x86.ActiveCfg = Release|x86
		{85CA1143-6970-4C65-B7A9-26DA79BD83CB}.test-42-default|x86.Build.0 = Release|x86
		{85CA1143-6970-4C65-B7A9-26DA79BD83CB}.test-43|Any CPU.ActiveCfg = Release|Any CPU
		{85CA1143-6970-4C65-B7A9-26DA79BD83CB}.test-43|Any CPU.Build.0 = Release|Any CPU
		{85CA1143-6970-4C65-B7A9-26DA79BD83CB}.test-43|x64.ActiveCfg = Release|x64
		{85CA1143-6970-4C65-B7A9-26DA79BD83CB}.test-43|x64.Build.0 = Release|x64
		{85CA1143-6970-4C65-B7A9-26DA79BD83CB}.test-43|x86.ActiveCfg = Release|x86
		{85CA1143-6970-4C65-B7A9-26DA79BD83CB}.test-43|x86.Build.0 = Release|x86
		{85CA1143-6970-4C65-B7A9-26DA79BD83CB}.test-44|Any CPU.ActiveCfg = Release|Any CPU
		{85CA1143-6970-4C65-B7A9-26DA79BD83CB}.test-44|Any CPU.Build.0 = Release|Any CPU
		{85CA1143-6970-4C65-B7A9-26DA79BD83CB}.test-44|x64.ActiveCfg = Release|x64
		{85CA1143-6970-4C65-B7A9-26DA79BD83CB}.test-44|x64.Build.0 = Release|x64
		{85CA1143-6970-4C65-B7A9-26DA79BD83CB}.test-44|x86.ActiveCfg = Release|x86
		{85CA1143-6970-4C65-B7A9-26DA79BD83CB}.test-44|x86.Build.0 = Release|x86
		{A43013BE-E9C4-4653-AC41-D6285633F778}.Debug|Any CPU.ActiveCfg = Debug|Any CPU
		{A43013BE-E9C4-4653-AC41-D6285633F778}.Debug|Any CPU.Build.0 = Debug|Any CPU
		{A43013BE-E9C4-4653-AC41-D6285633F778}.Debug|x64.ActiveCfg = Debug|x64
		{A43013BE-E9C4-4653-AC41-D6285633F778}.Debug|x64.Build.0 = Debug|x64
		{A43013BE-E9C4-4653-AC41-D6285633F778}.Debug|x86.ActiveCfg = Debug|x86
		{A43013BE-E9C4-4653-AC41-D6285633F778}.Debug|x86.Build.0 = Debug|x86
		{A43013BE-E9C4-4653-AC41-D6285633F778}.Release|Any CPU.ActiveCfg = Release|Any CPU
		{A43013BE-E9C4-4653-AC41-D6285633F778}.Release|Any CPU.Build.0 = Release|Any CPU
		{A43013BE-E9C4-4653-AC41-D6285633F778}.Release|x64.ActiveCfg = Release|x64
		{A43013BE-E9C4-4653-AC41-D6285633F778}.Release|x64.Build.0 = Release|x64
		{A43013BE-E9C4-4653-AC41-D6285633F778}.Release|x86.ActiveCfg = Release|x86
		{A43013BE-E9C4-4653-AC41-D6285633F778}.Release|x86.Build.0 = Release|x86
		{A43013BE-E9C4-4653-AC41-D6285633F778}.test-42-default|Any CPU.ActiveCfg = test-42-default|Any CPU
		{A43013BE-E9C4-4653-AC41-D6285633F778}.test-42-default|Any CPU.Build.0 = test-42-default|Any CPU
		{A43013BE-E9C4-4653-AC41-D6285633F778}.test-42-default|x64.ActiveCfg = test-42-default|x64
		{A43013BE-E9C4-4653-AC41-D6285633F778}.test-42-default|x64.Build.0 = test-42-default|x64
		{A43013BE-E9C4-4653-AC41-D6285633F778}.test-42-default|x86.ActiveCfg = test-42-default|x86
		{A43013BE-E9C4-4653-AC41-D6285633F778}.test-42-default|x86.Build.0 = test-42-default|x86
		{A43013BE-E9C4-4653-AC41-D6285633F778}.test-43|Any CPU.ActiveCfg = test-43|Any CPU
		{A43013BE-E9C4-4653-AC41-D6285633F778}.test-43|Any CPU.Build.0 = test-43|Any CPU
		{A43013BE-E9C4-4653-AC41-D6285633F778}.test-43|x64.ActiveCfg = test-43|x64
		{A43013BE-E9C4-4653-AC41-D6285633F778}.test-43|x64.Build.0 = test-43|x64
		{A43013BE-E9C4-4653-AC41-D6285633F778}.test-43|x86.ActiveCfg = test-43|x86
		{A43013BE-E9C4-4653-AC41-D6285633F778}.test-43|x86.Build.0 = test-43|x86
		{A43013BE-E9C4-4653-AC41-D6285633F778}.test-44|Any CPU.ActiveCfg = test-44|Any CPU
		{A43013BE-E9C4-4653-AC41-D6285633F778}.test-44|Any CPU.Build.0 = test-44|Any CPU
		{A43013BE-E9C4-4653-AC41-D6285633F778}.test-44|x64.ActiveCfg = test-44|x64
		{A43013BE-E9C4-4653-AC41-D6285633F778}.test-44|x64.Build.0 = test-44|x64
		{A43013BE-E9C4-4653-AC41-D6285633F778}.test-44|x86.ActiveCfg = test-44|x86
		{A43013BE-E9C4-4653-AC41-D6285633F778}.test-44|x86.Build.0 = test-44|x86
		{7786BF5D-E614-4132-B3C5-009064E59112}.Debug|Any CPU.ActiveCfg = Debug|Any CPU
		{7786BF5D-E614-4132-B3C5-009064E59112}.Debug|Any CPU.Build.0 = Debug|Any CPU
		{7786BF5D-E614-4132-B3C5-009064E59112}.Debug|x64.ActiveCfg = Debug|x64
		{7786BF5D-E614-4132-B3C5-009064E59112}.Debug|x64.Build.0 = Debug|x64
		{7786BF5D-E614-4132-B3C5-009064E59112}.Debug|x86.ActiveCfg = Debug|x86
		{7786BF5D-E614-4132-B3C5-009064E59112}.Debug|x86.Build.0 = Debug|x86
		{7786BF5D-E614-4132-B3C5-009064E59112}.Release|Any CPU.ActiveCfg = Release|Any CPU
		{7786BF5D-E614-4132-B3C5-009064E59112}.Release|Any CPU.Build.0 = Release|Any CPU
		{7786BF5D-E614-4132-B3C5-009064E59112}.Release|x64.ActiveCfg = Release|x64
		{7786BF5D-E614-4132-B3C5-009064E59112}.Release|x64.Build.0 = Release|x64
		{7786BF5D-E614-4132-B3C5-009064E59112}.Release|x86.ActiveCfg = Release|x86
		{7786BF5D-E614-4132-B3C5-009064E59112}.Release|x86.Build.0 = Release|x86
		{7786BF5D-E614-4132-B3C5-009064E59112}.test-42-default|Any CPU.ActiveCfg = test-42-default|Any CPU
		{7786BF5D-E614-4132-B3C5-009064E59112}.test-42-default|Any CPU.Build.0 = test-42-default|Any CPU
		{7786BF5D-E614-4132-B3C5-009064E59112}.test-42-default|x64.ActiveCfg = test-42-default|x64
		{7786BF5D-E614-4132-B3C5-009064E59112}.test-42-default|x64.Build.0 = test-42-default|x64
		{7786BF5D-E614-4132-B3C5-009064E59112}.test-42-default|x86.ActiveCfg = test-42-default|x86
		{7786BF5D-E614-4132-B3C5-009064E59112}.test-42-default|x86.Build.0 = test-42-default|x86
		{7786BF5D-E614-4132-B3C5-009064E59112}.test-43|Any CPU.ActiveCfg = test-43|Any CPU
		{7786BF5D-E614-4132-B3C5-009064E59112}.test-43|Any CPU.Build.0 = test-43|Any CPU
		{7786BF5D-E614-4132-B3C5-009064E59112}.test-43|x64.ActiveCfg = test-43|x64
		{7786BF5D-E614-4132-B3C5-009064E59112}.test-43|x64.Build.0 = test-43|x64
		{7786BF5D-E614-4132-B3C5-009064E59112}.test-43|x86.ActiveCfg = test-43|x86
		{7786BF5D-E614-4132-B3C5-009064E59112}.test-43|x86.Build.0 = test-43|x86
		{7786BF5D-E614-4132-B3C5-009064E59112}.test-44|Any CPU.ActiveCfg = test-44|Any CPU
		{7786BF5D-E614-4132-B3C5-009064E59112}.test-44|Any CPU.Build.0 = test-44|Any CPU
		{7786BF5D-E614-4132-B3C5-009064E59112}.test-44|x64.ActiveCfg = test-44|x64
		{7786BF5D-E614-4132-B3C5-009064E59112}.test-44|x64.Build.0 = test-44|x64
		{7786BF5D-E614-4132-B3C5-009064E59112}.test-44|x86.ActiveCfg = test-44|x86
		{7786BF5D-E614-4132-B3C5-009064E59112}.test-44|x86.Build.0 = test-44|x86
		{015A60C1-DED9-4DDB-9270-28706A2CA76D}.Debug|Any CPU.ActiveCfg = Debug|Any CPU
		{015A60C1-DED9-4DDB-9270-28706A2CA76D}.Debug|Any CPU.Build.0 = Debug|Any CPU
		{015A60C1-DED9-4DDB-9270-28706A2CA76D}.Debug|x64.ActiveCfg = Debug|x64
		{015A60C1-DED9-4DDB-9270-28706A2CA76D}.Debug|x64.Build.0 = Debug|x64
		{015A60C1-DED9-4DDB-9270-28706A2CA76D}.Debug|x86.ActiveCfg = Debug|x86
		{015A60C1-DED9-4DDB-9270-28706A2CA76D}.Debug|x86.Build.0 = Debug|x86
		{015A60C1-DED9-4DDB-9270-28706A2CA76D}.Release|Any CPU.ActiveCfg = Release|Any CPU
		{015A60C1-DED9-4DDB-9270-28706A2CA76D}.Release|Any CPU.Build.0 = Release|Any CPU
		{015A60C1-DED9-4DDB-9270-28706A2CA76D}.Release|x64.ActiveCfg = Release|x64
		{015A60C1-DED9-4DDB-9270-28706A2CA76D}.Release|x64.Build.0 = Release|x64
		{015A60C1-DED9-4DDB-9270-28706A2CA76D}.Release|x86.ActiveCfg = Release|x86
		{015A60C1-DED9-4DDB-9270-28706A2CA76D}.Release|x86.Build.0 = Release|x86
		{015A60C1-DED9-4DDB-9270-28706A2CA76D}.test-42-default|Any CPU.ActiveCfg = test-42-default|Any CPU
		{015A60C1-DED9-4DDB-9270-28706A2CA76D}.test-42-default|Any CPU.Build.0 = test-42-default|Any CPU
		{015A60C1-DED9-4DDB-9270-28706A2CA76D}.test-42-default|x64.ActiveCfg = test-42-default|x64
		{015A60C1-DED9-4DDB-9270-28706A2CA76D}.test-42-default|x64.Build.0 = test-42-default|x64
		{015A60C1-DED9-4DDB-9270-28706A2CA76D}.test-42-default|x86.ActiveCfg = test-42-default|x86
		{015A60C1-DED9-4DDB-9270-28706A2CA76D}.test-42-default|x86.Build.0 = test-42-default|x86
		{015A60C1-DED9-4DDB-9270-28706A2CA76D}.test-43|Any CPU.ActiveCfg = test-43|Any CPU
		{015A60C1-DED9-4DDB-9270-28706A2CA76D}.test-43|Any CPU.Build.0 = test-43|Any CPU
		{015A60C1-DED9-4DDB-9270-28706A2CA76D}.test-43|x64.ActiveCfg = test-43|x64
		{015A60C1-DED9-4DDB-9270-28706A2CA76D}.test-43|x64.Build.0 = test-43|x64
		{015A60C1-DED9-4DDB-9270-28706A2CA76D}.test-43|x86.ActiveCfg = test-43|x86
		{015A60C1-DED9-4DDB-9270-28706A2CA76D}.test-43|x86.Build.0 = test-43|x86
		{015A60C1-DED9-4DDB-9270-28706A2CA76D}.test-44|Any CPU.ActiveCfg = test-44|Any CPU
		{015A60C1-DED9-4DDB-9270-28706A2CA76D}.test-44|Any CPU.Build.0 = test-44|Any CPU
		{015A60C1-DED9-4DDB-9270-28706A2CA76D}.test-44|x64.ActiveCfg = test-44|x64
		{015A60C1-DED9-4DDB-9270-28706A2CA76D}.test-44|x64.Build.0 = test-44|x64
		{015A60C1-DED9-4DDB-9270-28706A2CA76D}.test-44|x86.ActiveCfg = test-44|x86
		{015A60C1-DED9-4DDB-9270-28706A2CA76D}.test-44|x86.Build.0 = test-44|x86
		{CF1F9302-5EAD-46B1-9A30-284C1825C7B0}.Debug|Any CPU.ActiveCfg = Debug|Any CPU
		{CF1F9302-5EAD-46B1-9A30-284C1825C7B0}.Debug|Any CPU.Build.0 = Debug|Any CPU
		{CF1F9302-5EAD-46B1-9A30-284C1825C7B0}.Debug|x64.ActiveCfg = Debug|x64
		{CF1F9302-5EAD-46B1-9A30-284C1825C7B0}.Debug|x64.Build.0 = Debug|x64
		{CF1F9302-5EAD-46B1-9A30-284C1825C7B0}.Debug|x86.ActiveCfg = Debug|x86
		{CF1F9302-5EAD-46B1-9A30-284C1825C7B0}.Debug|x86.Build.0 = Debug|x86
		{CF1F9302-5EAD-46B1-9A30-284C1825C7B0}.Release|Any CPU.ActiveCfg = Release|Any CPU
		{CF1F9302-5EAD-46B1-9A30-284C1825C7B0}.Release|Any CPU.Build.0 = Release|Any CPU
		{CF1F9302-5EAD-46B1-9A30-284C1825C7B0}.Release|x64.ActiveCfg = Release|x64
		{CF1F9302-5EAD-46B1-9A30-284C1825C7B0}.Release|x64.Build.0 = Release|x64
		{CF1F9302-5EAD-46B1-9A30-284C1825C7B0}.Release|x86.ActiveCfg = Release|x86
		{CF1F9302-5EAD-46B1-9A30-284C1825C7B0}.Release|x86.Build.0 = Release|x86
		{CF1F9302-5EAD-46B1-9A30-284C1825C7B0}.test-42-default|Any CPU.ActiveCfg = Release|Any CPU
		{CF1F9302-5EAD-46B1-9A30-284C1825C7B0}.test-42-default|Any CPU.Build.0 = Release|Any CPU
		{CF1F9302-5EAD-46B1-9A30-284C1825C7B0}.test-42-default|x64.ActiveCfg = Release|x64
		{CF1F9302-5EAD-46B1-9A30-284C1825C7B0}.test-42-default|x64.Build.0 = Release|x64
		{CF1F9302-5EAD-46B1-9A30-284C1825C7B0}.test-42-default|x86.ActiveCfg = Release|x86
		{CF1F9302-5EAD-46B1-9A30-284C1825C7B0}.test-42-default|x86.Build.0 = Release|x86
		{CF1F9302-5EAD-46B1-9A30-284C1825C7B0}.test-43|Any CPU.ActiveCfg = Release|Any CPU
		{CF1F9302-5EAD-46B1-9A30-284C1825C7B0}.test-43|Any CPU.Build.0 = Release|Any CPU
		{CF1F9302-5EAD-46B1-9A30-284C1825C7B0}.test-43|x64.ActiveCfg = Release|x64
		{CF1F9302-5EAD-46B1-9A30-284C1825C7B0}.test-43|x64.Build.0 = Release|x64
		{CF1F9302-5EAD-46B1-9A30-284C1825C7B0}.test-43|x86.ActiveCfg = Release|x86
		{CF1F9302-5EAD-46B1-9A30-284C1825C7B0}.test-43|x86.Build.0 = Release|x86
		{CF1F9302-5EAD-46B1-9A30-284C1825C7B0}.test-44|Any CPU.ActiveCfg = Release|Any CPU
		{CF1F9302-5EAD-46B1-9A30-284C1825C7B0}.test-44|Any CPU.Build.0 = Release|Any CPU
		{CF1F9302-5EAD-46B1-9A30-284C1825C7B0}.test-44|x64.ActiveCfg = Release|x64
		{CF1F9302-5EAD-46B1-9A30-284C1825C7B0}.test-44|x64.Build.0 = Release|x64
		{CF1F9302-5EAD-46B1-9A30-284C1825C7B0}.test-44|x86.ActiveCfg = Release|x86
		{CF1F9302-5EAD-46B1-9A30-284C1825C7B0}.test-44|x86.Build.0 = Release|x86
	EndGlobalSection
	GlobalSection(SolutionProperties) = preSolution
		HideSolutionNode = FALSE
	EndGlobalSection
	GlobalSection(NestedProjects) = preSolution
		{17526979-E6CD-420C-BBB8-5EC385C56D53} = {F98C20A0-47FC-4ABA-9108-813C47BE01C8}
		{28692A45-88A9-4523-9351-E547222B40E0} = {6BA2AD08-DB9F-4997-B778-E8028A294B84}
		{C34DE2C0-956A-4A56-BC69-A1D77CEBA765} = {6BA2AD08-DB9F-4997-B778-E8028A294B84}
		{5C1327D9-2323-4B31-814E-D63ED62E55A6} = {6BA2AD08-DB9F-4997-B778-E8028A294B84}
		{6953756C-743A-45D9-99FF-AB58DB31581F} = {6BA2AD08-DB9F-4997-B778-E8028A294B84}
		{85CA1143-6970-4C65-B7A9-26DA79BD83CB} = {6BA2AD08-DB9F-4997-B778-E8028A294B84}
		{A43013BE-E9C4-4653-AC41-D6285633F778} = {6BA2AD08-DB9F-4997-B778-E8028A294B84}
		{7786BF5D-E614-4132-B3C5-009064E59112} = {6BA2AD08-DB9F-4997-B778-E8028A294B84}
		{015A60C1-DED9-4DDB-9270-28706A2CA76D} = {6BA2AD08-DB9F-4997-B778-E8028A294B84}
		{CF1F9302-5EAD-46B1-9A30-284C1825C7B0} = {6BA2AD08-DB9F-4997-B778-E8028A294B84}
	EndGlobalSection
	GlobalSection(ExtensibilityGlobals) = postSolution
		SolutionGuid = {569823DA-07B0-48F9-A572-C32C0B97E438}
	EndGlobalSection
EndGlobal
